
Microsoft Visual Studio Solution File, Format Version 11.00
# Visual Studio 2010
Project("{8BC9CEB8-8B4A-11D0-8D11-00A0C91BC942}") = "Tarea 1", "Tarea 1\Tarea 1.vcxproj", "{003AAE44-B473-4D95-9689-C572D9B01006}"
EndProject
Global
	GlobalSection(SolutionConfigurationPlatforms) = preSolution
		Debug|Win32 = Debug|Win32
		Release|Win32 = Release|Win32
	EndGlobalSection
	GlobalSection(ProjectConfigurationPlatforms) = postSolution
		{003AAE44-B473-4D95-9689-C572D9B01006}.Debug|Win32.ActiveCfg = Debug|Win32
		{003AAE44-B473-4D95-9689-C572D9B01006}.Debug|Win32.Build.0 = Debug|Win32
		{003AAE44-B473-4D95-9689-C572D9B01006}.Release|Win32.ActiveCfg = Release|Win32
		{003AAE44-B473-4D95-9689-C572D9B01006}.Release|Win32.Build.0 = Release|Win32
	EndGlobalSection
	GlobalSection(SolutionProperties) = preSolution
		HideSolutionNode = FALSE
	EndGlobalSection
EndGlobal
